
Microsoft Visual Studio Solution File, Format Version 12.00
# Visual Studio Version 16
VisualStudioVersion = 16.0.30717.126
MinimumVisualStudioVersion = 10.0.40219.1
Project("{9A19103F-16F7-4668-BE54-9A1E7A4F7556}") = "PolarOAuthAuthentication", "PolarOAuthAuthentication.csproj", "{05805F42-3965-46B4-B348-DE44F53D4248}"
EndProject
Global
	GlobalSection(SolutionConfigurationPlatforms) = preSolution
		Debug|Any CPU = Debug|Any CPU
		Release|Any CPU = Release|Any CPU
	EndGlobalSection
	GlobalSection(ProjectConfigurationPlatforms) = postSolution
		{05805F42-3965-46B4-B348-DE44F53D4248}.Debug|Any CPU.ActiveCfg = Debug|Any CPU
		{05805F42-3965-46B4-B348-DE44F53D4248}.Debug|Any CPU.Build.0 = Debug|Any CPU
		{05805F42-3965-46B4-B348-DE44F53D4248}.Release|Any CPU.ActiveCfg = Release|Any CPU
		{05805F42-3965-46B4-B348-DE44F53D4248}.Release|Any CPU.Build.0 = Release|Any CPU
	EndGlobalSection
	GlobalSection(SolutionProperties) = preSolution
		HideSolutionNode = FALSE
	EndGlobalSection
	GlobalSection(ExtensibilityGlobals) = postSolution
		SolutionGuid = {167B321B-B7A6-40D1-9217-89CA3246CAAE}
	EndGlobalSection
EndGlobal
